
Microsoft Visual Studio Solution File, Format Version 12.00
# Visual Studio 15
VisualStudioVersion = 15.0.28307.1169
MinimumVisualStudioVersion = 10.0.40219.1
Project("{FAE04EC0-301F-11D3-BF4B-00C04F79EFBC}") = "shoppingApp", "shoppingApp\shoppingApp.csproj", "{4D69C4BB-68D0-4CCE-86B1-9BF6089B3DD0}"
EndProject
Global
	GlobalSection(SolutionConfigurationPlatforms) = preSolution
		Debug|Any CPU = Debug|Any CPU
		Release|Any CPU = Release|Any CPU
	EndGlobalSection
	GlobalSection(ProjectConfigurationPlatforms) = postSolution
		{4D69C4BB-68D0-4CCE-86B1-9BF6089B3DD0}.Debug|Any CPU.ActiveCfg = Debug|Any CPU
		{4D69C4BB-68D0-4CCE-86B1-9BF6089B3DD0}.Debug|Any CPU.Build.0 = Debug|Any CPU
		{4D69C4BB-68D0-4CCE-86B1-9BF6089B3DD0}.Debug|Any CPU.Deploy.0 = Debug|Any CPU
		{4D69C4BB-68D0-4CCE-86B1-9BF6089B3DD0}.Release|Any CPU.ActiveCfg = Release|Any CPU
		{4D69C4BB-68D0-4CCE-86B1-9BF6089B3DD0}.Release|Any CPU.Build.0 = Release|Any CPU
		{4D69C4BB-68D0-4CCE-86B1-9BF6089B3DD0}.Release|Any CPU.Deploy.0 = Release|Any CPU
	EndGlobalSection
	GlobalSection(SolutionProperties) = preSolution
		HideSolutionNode = FALSE
	EndGlobalSection
	GlobalSection(ExtensibilityGlobals) = postSolution
		SolutionGuid = {65D697C3-7C2B-401B-BB3B-506C1633CB5C}
	EndGlobalSection
EndGlobal
